
Microsoft Visual Studio Solution File, Format Version 12.00
# Visual Studio Version 17
VisualStudioVersion = 17.5.002.0
MinimumVisualStudioVersion = 10.0.40219.1
Project("{2150E333-8FDC-42A3-9474-1A3956D46DE8}") = "sample-workspaces", "sample-workspaces", "{D0AC4AC8-7FFE-4045-AF42-3AFC829D5245}"
EndProject
Project("{2150E333-8FDC-42A3-9474-1A3956D46DE8}") = "sample-workspace", "sample-workspace", "{A4A96B84-BD81-4F62-A4F4-F7087F7FD093}"
EndProject
Project("{9A19103F-16F7-4668-BE54-9A1E7A4F7556}") = "SampleContract", "sample-workspaces\sample-workspace\Sample\SampleContract.csproj", "{9E441EBF-320D-4BD7-B845-21AD0A6855A2}"
EndProject
Global
	GlobalSection(SolutionConfigurationPlatforms) = preSolution
		Debug|Any CPU = Debug|Any CPU
		Release|Any CPU = Release|Any CPU
	EndGlobalSection
	GlobalSection(ProjectConfigurationPlatforms) = postSolution
		{9E441EBF-320D-4BD7-B845-21AD0A6855A2}.Debug|Any CPU.ActiveCfg = Debug|Any CPU
		{9E441EBF-320D-4BD7-B845-21AD0A6855A2}.Debug|Any CPU.Build.0 = Debug|Any CPU
		{9E441EBF-320D-4BD7-B845-21AD0A6855A2}.Release|Any CPU.ActiveCfg = Release|Any CPU
		{9E441EBF-320D-4BD7-B845-21AD0A6855A2}.Release|Any CPU.Build.0 = Release|Any CPU
	EndGlobalSection
	GlobalSection(SolutionProperties) = preSolution
		HideSolutionNode = FALSE
	EndGlobalSection
	GlobalSection(NestedProjects) = preSolution
		{A4A96B84-BD81-4F62-A4F4-F7087F7FD093} = {D0AC4AC8-7FFE-4045-AF42-3AFC829D5245}
		{9E441EBF-320D-4BD7-B845-21AD0A6855A2} = {A4A96B84-BD81-4F62-A4F4-F7087F7FD093}
	EndGlobalSection
	GlobalSection(ExtensibilityGlobals) = postSolution
		SolutionGuid = {17464F4E-7A5E-4DEE-BA18-977780084BA3}
	EndGlobalSection
EndGlobal
